Microsoft Visual Studio Solution File, Format Version 12.00
# Visual Studio Version 17
VisualStudioVersion = 17.5.2.0
MinimumVisualStudioVersion = 10.0.40219.1
Project("{FAE04EC0-301F-11D3-BF4B-00C04F79EFBC}") = "Clerk.Net.AspNetCore.Security", "Clerk.Net.AspNetCore.Security.csproj", "{22C30891-C992-E7D9-C130-FED809C9C9E1}"
EndProject
Global
	GlobalSection(SolutionConfigurationPlatforms) = preSolution
		Debug|Any CPU = Debug|Any CPU
		Release|Any CPU = Release|Any CPU
	EndGlobalSection
	GlobalSection(ProjectConfigurationPlatforms) = postSolution
		{22C30891-C992-E7D9-C130-FED809C9C9E1}.Debug|Any CPU.ActiveCfg = Debug|Any CPU
		{22C30891-C992-E7D9-C130-FED809C9C9E1}.Debug|Any CPU.Build.0 = Debug|Any CPU
		{22C30891-C992-E7D9-C130-FED809C9C9E1}.Release|Any CPU.ActiveCfg = Release|Any CPU
		{22C30891-C992-E7D9-C130-FED809C9C9E1}.Release|Any CPU.Build.0 = Release|Any CPU
	EndGlobalSection
	GlobalSection(SolutionProperties) = preSolution
		HideSolutionNode = FALSE
	EndGlobalSection
	GlobalSection(ExtensibilityGlobals) = postSolution
		SolutionGuid = {27D182A8-BDBB-42D7-8DFA-B7B92974C4A8}
	EndGlobalSection
EndGlobal
